dependencies:
- name: gluon
  repository: oci://registry1.dso.mil/bigbang
  version: 0.9.8
- name: bb-common
  repository: oci://registry1.dso.mil/bigbang
  version: 0.14.1
- name: tempo
  repository: https://grafana-community.github.io/helm-charts
  version: 1.26.5
digest: sha256:1832000557d4297cd3cc46d5adda34cb111227ebcb7774dce90555fa619e0767
generated: "2026-02-25T15:45:13.894458-05:00"
